
Microsoft Visual Studio Solution File, Format Version 12.00
# Visual Studio Version 17
VisualStudioVersion = 17.6.33815.320
MinimumVisualStudioVersion = 10.0.40219.1
Project("{FAE04EC0-301F-11D3-BF4B-00C04F79EFBC}") = "ProgettoCalc", "ProgettoCalc\ProgettoCalc.csproj", "{BFD0C9C1-32FB-455C-9430-43164A26B78D}"
EndProject
Project("{FAE04EC0-301F-11D3-BF4B-00C04F79EFBC}") = "ProgettoCalc.Tests", "ProgettoCalc.Tests\ProgettoCalc.Tests.csproj", "{A1B64B8B-199F-4A34-98C8-B801CD7DE13F}"
EndProject
Global
	GlobalSection(SolutionConfigurationPlatforms) = preSolution
		Debug|Any CPU = Debug|Any CPU
		Release|Any CPU = Release|Any CPU
	EndGlobalSection
	GlobalSection(ProjectConfigurationPlatforms) = postSolution
		{BFD0C9C1-32FB-455C-9430-43164A26B78D}.Debug|Any CPU.ActiveCfg = Debug|Any CPU
		{BFD0C9C1-32FB-455C-9430-43164A26B78D}.Debug|Any CPU.Build.0 = Debug|Any CPU
		{BFD0C9C1-32FB-455C-9430-43164A26B78D}.Release|Any CPU.ActiveCfg = Release|Any CPU
		{BFD0C9C1-32FB-455C-9430-43164A26B78D}.Release|Any CPU.Build.0 = Release|Any CPU
		{A1B64B8B-199F-4A34-98C8-B801CD7DE13F}.Debug|Any CPU.ActiveCfg = Debug|Any CPU
		{A1B64B8B-199F-4A34-98C8-B801CD7DE13F}.Debug|Any CPU.Build.0 = Debug|Any CPU
		{A1B64B8B-199F-4A34-98C8-B801CD7DE13F}.Release|Any CPU.ActiveCfg = Release|Any CPU
		{A1B64B8B-199F-4A34-98C8-B801CD7DE13F}.Release|Any CPU.Build.0 = Release|Any CPU
	EndGlobalSection
	GlobalSection(SolutionProperties) = preSolution
		HideSolutionNode = FALSE
	EndGlobalSection
	GlobalSection(ExtensibilityGlobals) = postSolution
		SolutionGuid = {2CE88573-CF72-4347-BBA2-CCFB986BFB81}
	EndGlobalSection
EndGlobal
